
Microsoft Visual Studio Solution File, Format Version 12.00
# Visual Studio Version 17
VisualStudioVersion = 17.9.34728.123
MinimumVisualStudioVersion = 10.0.40219.1
Project("{FAE04EC0-301F-11D3-BF4B-00C04F79EFBC}") = "FsSoftWebsite2", "FsSoftWebsite2\FsSoftWebsite2.csproj", "{E34BF3F9-B5EF-4DAB-9FEE-B8245466E47D}"
EndProject
Global
	GlobalSection(SolutionConfigurationPlatforms) = preSolution
		Debug|Any CPU = Debug|Any CPU
		Release|Any CPU = Release|Any CPU
	EndGlobalSection
	GlobalSection(ProjectConfigurationPlatforms) = postSolution
		{E34BF3F9-B5EF-4DAB-9FEE-B8245466E47D}.Debug|Any CPU.ActiveCfg = Debug|Any CPU
		{E34BF3F9-B5EF-4DAB-9FEE-B8245466E47D}.Debug|Any CPU.Build.0 = Debug|Any CPU
		{E34BF3F9-B5EF-4DAB-9FEE-B8245466E47D}.Release|Any CPU.ActiveCfg = Release|Any CPU
		{E34BF3F9-B5EF-4DAB-9FEE-B8245466E47D}.Release|Any CPU.Build.0 = Release|Any CPU
	EndGlobalSection
	GlobalSection(SolutionProperties) = preSolution
		HideSolutionNode = FALSE
	EndGlobalSection
	GlobalSection(ExtensibilityGlobals) = postSolution
		SolutionGuid = {F5578F7D-D6E8-434B-9B33-4AC2DAD07474}
	EndGlobalSection
EndGlobal
